
Microsoft Visual Studio Solution File, Format Version 12.00
# Visual Studio Version 16
VisualStudioVersion = 16.0.29806.167
MinimumVisualStudioVersion = 10.0.40219.1
Project("{FAE04EC0-301F-11D3-BF4B-00C04F79EFBC}") = "zadanie1", "zadanie1\zadanie1.csproj", "{0117BF82-CA42-47C6-A51C-A03BF5E98281}"
EndProject
Project("{FAE04EC0-301F-11D3-BF4B-00C04F79EFBC}") = "zadanie2", "zadanie2\zadanie2.csproj", "{890EF025-85F0-47AE-B591-2D62439D1C14}"
EndProject
Global
	GlobalSection(SolutionConfigurationPlatforms) = preSolution
		Debug|Any CPU = Debug|Any CPU
		Release|Any CPU = Release|Any CPU
	EndGlobalSection
	GlobalSection(ProjectConfigurationPlatforms) = postSolution
		{0117BF82-CA42-47C6-A51C-A03BF5E98281}.Debug|Any CPU.ActiveCfg = Debug|Any CPU
		{0117BF82-CA42-47C6-A51C-A03BF5E98281}.Debug|Any CPU.Build.0 = Debug|Any CPU
		{0117BF82-CA42-47C6-A51C-A03BF5E98281}.Release|Any CPU.ActiveCfg = Release|Any CPU
		{0117BF82-CA42-47C6-A51C-A03BF5E98281}.Release|Any CPU.Build.0 = Release|Any CPU
		{890EF025-85F0-47AE-B591-2D62439D1C14}.Debug|Any CPU.ActiveCfg = Debug|Any CPU
		{890EF025-85F0-47AE-B591-2D62439D1C14}.Debug|Any CPU.Build.0 = Debug|Any CPU
		{890EF025-85F0-47AE-B591-2D62439D1C14}.Release|Any CPU.ActiveCfg = Release|Any CPU
		{890EF025-85F0-47AE-B591-2D62439D1C14}.Release|Any CPU.Build.0 = Release|Any CPU
	EndGlobalSection
	GlobalSection(SolutionProperties) = preSolution
		HideSolutionNode = FALSE
	EndGlobalSection
	GlobalSection(ExtensibilityGlobals) = postSolution
		SolutionGuid = {D3A01585-B069-46DC-8231-72BB3B86F376}
	EndGlobalSection
EndGlobal
