
Microsoft Visual Studio Solution File, Format Version 12.00
# Visual Studio Version 16
VisualStudioVersion = 16.0.30011.22
MinimumVisualStudioVersion = 15.0.26124.0
Project("{2150E333-8FDC-42A3-9474-1A3956D46DE8}") = "Komponenty", "Komponenty", "{E75B9CB4-7F42-410F-B219-B57500EB3B02}"
EndProject
Project("{9A19103F-16F7-4668-BE54-9A1E7A4F7556}") = "zadanie1", "XML\zadanie1\zadanie1.csproj", "{98A7CA14-E0CC-4B75-AC50-FCE80BFBCE05}"
EndProject
Project("{FAE04EC0-301F-11D3-BF4B-00C04F79EFBC}") = "zadanie2", "XML\zadanie2\zadanie2.csproj", "{10A3323E-DA75-491D-AE23-6C8342330EDE}"
EndProject
Project("{2150E333-8FDC-42A3-9474-1A3956D46DE8}") = "XML", "XML", "{ACD53BB5-4B2C-4A65-9859-8C306E5993D2}"
EndProject
Project("{FAE04EC0-301F-11D3-BF4B-00C04F79EFBC}") = "ClockComponent", "Komponenty\ClockComponent\ClockComponent.csproj", "{F00894CA-C87B-4FAE-9657-1F55AF83F505}"
EndProject
Project("{FAE04EC0-301F-11D3-BF4B-00C04F79EFBC}") = "TrafficComponent", "Komponenty\TrafficComponent\TrafficComponent.csproj", "{51D2A9B6-FB3C-45BD-AEFF-5AE09334DC74}"
EndProject
Project("{FAE04EC0-301F-11D3-BF4B-00C04F79EFBC}") = "zadanie1", "Komponenty\zadanie1\zadanie1.csproj", "{D45F1E10-E628-499D-8E63-1D60D1083189}"
EndProject
Project("{FAE04EC0-301F-11D3-BF4B-00C04F79EFBC}") = "zadanie2", "Komponenty\zadanie2\zadanie2.csproj", "{DD6CE749-6BF4-4D11-B79E-30B3AAD2514B}"
EndProject
Project("{FAE04EC0-301F-11D3-BF4B-00C04F79EFBC}") = "zadanie3", "Komponenty\zadanie3\zadanie3.csproj", "{883EA66A-FE4E-4CC7-A3A0-591B4D5001FD}"
EndProject
Project("{FAE04EC0-301F-11D3-BF4B-00C04F79EFBC}") = "zadanie5", "XML\zadanie5\zadanie5.csproj", "{DF0CB558-FB1D-46BB-8A85-F147A86E608B}"
EndProject
Project("{FAE04EC0-301F-11D3-BF4B-00C04F79EFBC}") = "zadanie6", "XML\zadanie6\zadanie6.csproj", "{17A0DE88-AEF2-4CE1-96A1-75FFEEBE312C}"
EndProject
Project("{FAE04EC0-301F-11D3-BF4B-00C04F79EFBC}") = "zadanie3", "XML\zadanie3\zadanie3.csproj", "{5F0A186E-05A4-4517-A0BC-1EC8D151CA3C}"
EndProject
Project("{FAE04EC0-301F-11D3-BF4B-00C04F79EFBC}") = "zadanie4", "XML\zadanie4\zadanie4.csproj", "{A6E0B075-DF18-4F21-AD34-480AADE108C6}"
EndProject
Global
	GlobalSection(SolutionConfigurationPlatforms) = preSolution
		Debug|Any CPU = Debug|Any CPU
		Release|Any CPU = Release|Any CPU
	EndGlobalSection
	GlobalSection(ProjectConfigurationPlatforms) = postSolution
		{98A7CA14-E0CC-4B75-AC50-FCE80BFBCE05}.Debug|Any CPU.ActiveCfg = Debug|Any CPU
		{98A7CA14-E0CC-4B75-AC50-FCE80BFBCE05}.Debug|Any CPU.Build.0 = Debug|Any CPU
		{98A7CA14-E0CC-4B75-AC50-FCE80BFBCE05}.Release|Any CPU.ActiveCfg = Release|Any CPU
		{98A7CA14-E0CC-4B75-AC50-FCE80BFBCE05}.Release|Any CPU.Build.0 = Release|Any CPU
		{10A3323E-DA75-491D-AE23-6C8342330EDE}.Debug|Any CPU.ActiveCfg = Debug|Any CPU
		{10A3323E-DA75-491D-AE23-6C8342330EDE}.Debug|Any CPU.Build.0 = Debug|Any CPU
		{10A3323E-DA75-491D-AE23-6C8342330EDE}.Release|Any CPU.ActiveCfg = Release|Any CPU
		{10A3323E-DA75-491D-AE23-6C8342330EDE}.Release|Any CPU.Build.0 = Release|Any CPU
		{F00894CA-C87B-4FAE-9657-1F55AF83F505}.Debug|Any CPU.ActiveCfg = Debug|Any CPU
		{F00894CA-C87B-4FAE-9657-1F55AF83F505}.Debug|Any CPU.Build.0 = Debug|Any CPU
		{F00894CA-C87B-4FAE-9657-1F55AF83F505}.Release|Any CPU.ActiveCfg = Release|Any CPU
		{F00894CA-C87B-4FAE-9657-1F55AF83F505}.Release|Any CPU.Build.0 = Release|Any CPU
		{51D2A9B6-FB3C-45BD-AEFF-5AE09334DC74}.Debug|Any CPU.ActiveCfg = Debug|Any CPU
		{51D2A9B6-FB3C-45BD-AEFF-5AE09334DC74}.Debug|Any CPU.Build.0 = Debug|Any CPU
		{51D2A9B6-FB3C-45BD-AEFF-5AE09334DC74}.Release|Any CPU.ActiveCfg = Release|Any CPU
		{51D2A9B6-FB3C-45BD-AEFF-5AE09334DC74}.Release|Any CPU.Build.0 = Release|Any CPU
		{D45F1E10-E628-499D-8E63-1D60D1083189}.Debug|Any CPU.ActiveCfg = Debug|Any CPU
		{D45F1E10-E628-499D-8E63-1D60D1083189}.Debug|Any CPU.Build.0 = Debug|Any CPU
		{D45F1E10-E628-499D-8E63-1D60D1083189}.Release|Any CPU.ActiveCfg = Release|Any CPU
		{D45F1E10-E628-499D-8E63-1D60D1083189}.Release|Any CPU.Build.0 = Release|Any CPU
		{DD6CE749-6BF4-4D11-B79E-30B3AAD2514B}.Debug|Any CPU.ActiveCfg = Debug|Any CPU
		{DD6CE749-6BF4-4D11-B79E-30B3AAD2514B}.Debug|Any CPU.Build.0 = Debug|Any CPU
		{DD6CE749-6BF4-4D11-B79E-30B3AAD2514B}.Release|Any CPU.ActiveCfg = Release|Any CPU
		{DD6CE749-6BF4-4D11-B79E-30B3AAD2514B}.Release|Any CPU.Build.0 = Release|Any CPU
		{883EA66A-FE4E-4CC7-A3A0-591B4D5001FD}.Debug|Any CPU.ActiveCfg = Debug|Any CPU
		{883EA66A-FE4E-4CC7-A3A0-591B4D5001FD}.Debug|Any CPU.Build.0 = Debug|Any CPU
		{883EA66A-FE4E-4CC7-A3A0-591B4D5001FD}.Release|Any CPU.ActiveCfg = Release|Any CPU
		{883EA66A-FE4E-4CC7-A3A0-591B4D5001FD}.Release|Any CPU.Build.0 = Release|Any CPU
		{DF0CB558-FB1D-46BB-8A85-F147A86E608B}.Debug|Any CPU.ActiveCfg = Debug|Any CPU
		{DF0CB558-FB1D-46BB-8A85-F147A86E608B}.Debug|Any CPU.Build.0 = Debug|Any CPU
		{DF0CB558-FB1D-46BB-8A85-F147A86E608B}.Release|Any CPU.ActiveCfg = Release|Any CPU
		{DF0CB558-FB1D-46BB-8A85-F147A86E608B}.Release|Any CPU.Build.0 = Release|Any CPU
		{17A0DE88-AEF2-4CE1-96A1-75FFEEBE312C}.Debug|Any CPU.ActiveCfg = Debug|Any CPU
		{17A0DE88-AEF2-4CE1-96A1-75FFEEBE312C}.Debug|Any CPU.Build.0 = Debug|Any CPU
		{17A0DE88-AEF2-4CE1-96A1-75FFEEBE312C}.Release|Any CPU.ActiveCfg = Release|Any CPU
		{17A0DE88-AEF2-4CE1-96A1-75FFEEBE312C}.Release|Any CPU.Build.0 = Release|Any CPU
		{5F0A186E-05A4-4517-A0BC-1EC8D151CA3C}.Debug|Any CPU.ActiveCfg = Debug|Any CPU
		{5F0A186E-05A4-4517-A0BC-1EC8D151CA3C}.Debug|Any CPU.Build.0 = Debug|Any CPU
		{5F0A186E-05A4-4517-A0BC-1EC8D151CA3C}.Release|Any CPU.ActiveCfg = Release|Any CPU
		{5F0A186E-05A4-4517-A0BC-1EC8D151CA3C}.Release|Any CPU.Build.0 = Release|Any CPU
		{A6E0B075-DF18-4F21-AD34-480AADE108C6}.Debug|Any CPU.ActiveCfg = Debug|Any CPU
		{A6E0B075-DF18-4F21-AD34-480AADE108C6}.Debug|Any CPU.Build.0 = Debug|Any CPU
		{A6E0B075-DF18-4F21-AD34-480AADE108C6}.Release|Any CPU.ActiveCfg = Release|Any CPU
		{A6E0B075-DF18-4F21-AD34-480AADE108C6}.Release|Any CPU.Build.0 = Release|Any CPU
	EndGlobalSection
	GlobalSection(SolutionProperties) = preSolution
		HideSolutionNode = FALSE
	EndGlobalSection
	GlobalSection(NestedProjects) = preSolution
		{98A7CA14-E0CC-4B75-AC50-FCE80BFBCE05} = {ACD53BB5-4B2C-4A65-9859-8C306E5993D2}
		{10A3323E-DA75-491D-AE23-6C8342330EDE} = {ACD53BB5-4B2C-4A65-9859-8C306E5993D2}
		{F00894CA-C87B-4FAE-9657-1F55AF83F505} = {E75B9CB4-7F42-410F-B219-B57500EB3B02}
		{51D2A9B6-FB3C-45BD-AEFF-5AE09334DC74} = {E75B9CB4-7F42-410F-B219-B57500EB3B02}
		{D45F1E10-E628-499D-8E63-1D60D1083189} = {E75B9CB4-7F42-410F-B219-B57500EB3B02}
		{DD6CE749-6BF4-4D11-B79E-30B3AAD2514B} = {E75B9CB4-7F42-410F-B219-B57500EB3B02}
		{883EA66A-FE4E-4CC7-A3A0-591B4D5001FD} = {E75B9CB4-7F42-410F-B219-B57500EB3B02}
		{DF0CB558-FB1D-46BB-8A85-F147A86E608B} = {ACD53BB5-4B2C-4A65-9859-8C306E5993D2}
		{17A0DE88-AEF2-4CE1-96A1-75FFEEBE312C} = {ACD53BB5-4B2C-4A65-9859-8C306E5993D2}
		{5F0A186E-05A4-4517-A0BC-1EC8D151CA3C} = {ACD53BB5-4B2C-4A65-9859-8C306E5993D2}
		{A6E0B075-DF18-4F21-AD34-480AADE108C6} = {ACD53BB5-4B2C-4A65-9859-8C306E5993D2}
	EndGlobalSection
	GlobalSection(ExtensibilityGlobals) = postSolution
		SolutionGuid = {DFDBAF50-6FE7-445D-AF3A-CC3533AED0F9}
	EndGlobalSection
EndGlobal
